<?xml version="1.0" encoding="UTF-8"?>
<!DOCTYPE plist PUBLIC "-//Apple//DTD PLIST 1.0//EN" "http://www.apple.com/DTDs/PropertyList-1.0.dtd">
<plist version="1.0">
<dict>
	<key>archiveVersion</key>
	<string>1</string>
	<key>classes</key>
	<dict/>
	<key>objectVersion</key>
	<string>46</string>
	<key>objects</key>
	<dict>
		<key>25816E6B3F274CE6A26829FB</key>
		<dict>
			<key>buildActionMask</key>
			<string>2147483647</string>
			<key>files</key>
			<array/>
			<key>inputPaths</key>
			<array/>
			<key>isa</key>
			<string>PBXShellScriptBuildPhase</string>
			<key>name</key>
			<string>Copy Pods Resources</string>
			<key>outputPaths</key>
			<array/>
			<key>runOnlyForDeploymentPostprocessing</key>
			<string>0</string>
			<key>shellPath</key>
			<string>/bin/sh</string>
			<key>shellScript</key>
			<string>"${SRCROOT}/Pods/Target Support Files/Pods/Pods-resources.sh"
</string>
			<key>showEnvVarsInLog</key>
			<string>0</string>
		</dict>
		<key>3D2DF7529C5B41F7A429BD3B</key>
		<dict>
			<key>explicitFileType</key>
			<string>archive.ar</string>
			<key>includeInIndex</key>
			<string>0</string>
			<key>isa</key>
			<string>PBXFileReference</string>
			<key>path</key>
			<string>libPods.a</string>
			<key>sourceTree</key>
			<string>BUILT_PRODUCTS_DIR</string>
		</dict>
		<key>413ADDA11799A69500774838</key>
		<dict>
			<key>children</key>
			<array>
				<string>413ADDAD1799B7ED00774838</string>
				<string>413ADDAE1799B7ED00774838</string>
				<string>413ADDAF1799B7ED00774838</string>
				<string>413ADDA21799A6B500774838</string>
			</array>
			<key>isa</key>
			<string>PBXGroup</string>
			<key>name</key>
			<string>Test HTML</string>
			<key>sourceTree</key>
			<string>&lt;group&gt;</string>
		</dict>
		<key>413ADDA21799A6B500774838</key>
		<dict>
			<key>children</key>
			<array>
				<string>413ADDA31799A6B500774838</string>
				<string>413ADDA41799A6B500774838</string>
				<string>413ADDA51799A6B500774838</string>
				<string>413ADDA61799A6B500774838</string>
				<string>413ADDA71799A6B500774838</string>
			</array>
			<key>isa</key>
			<string>PBXGroup</string>
			<key>path</key>
			<string>HybridKit-JS</string>
			<key>sourceTree</key>
			<string>&lt;group&gt;</string>
		</dict>
		<key>413ADDA31799A6B500774838</key>
		<dict>
			<key>fileEncoding</key>
			<string>4</string>
			<key>isa</key>
			<string>PBXFileReference</string>
			<key>lastKnownFileType</key>
			<string>sourcecode.javascript</string>
			<key>path</key>
			<string>hybridkit.js</string>
			<key>sourceTree</key>
			<string>&lt;group&gt;</string>
		</dict>
		<key>413ADDA41799A6B500774838</key>
		<dict>
			<key>fileEncoding</key>
			<string>4</string>
			<key>isa</key>
			<string>PBXFileReference</string>
			<key>lastKnownFileType</key>
			<string>sourcecode.javascript</string>
			<key>path</key>
			<string>hybridkit.min.js</string>
			<key>sourceTree</key>
			<string>&lt;group&gt;</string>
		</dict>
		<key>413ADDA51799A6B500774838</key>
		<dict>
			<key>fileEncoding</key>
			<string>4</string>
			<key>isa</key>
			<string>PBXFileReference</string>
			<key>lastKnownFileType</key>
			<string>text</string>
			<key>path</key>
			<string>LICENSE</string>
			<key>sourceTree</key>
			<string>&lt;group&gt;</string>
		</dict>
		<key>413ADDA61799A6B500774838</key>
		<dict>
			<key>fileEncoding</key>
			<string>4</string>
			<key>isa</key>
			<string>PBXFileReference</string>
			<key>lastKnownFileType</key>
			<string>text</string>
			<key>path</key>
			<string>README.md</string>
			<key>sourceTree</key>
			<string>&lt;group&gt;</string>
		</dict>
		<key>413ADDA71799A6B500774838</key>
		<dict>
			<key>fileEncoding</key>
			<string>4</string>
			<key>isa</key>
			<string>PBXFileReference</string>
			<key>lastKnownFileType</key>
			<string>sourcecode.javascript</string>
			<key>path</key>
			<string>spec.js</string>
			<key>sourceTree</key>
			<string>&lt;group&gt;</string>
		</dict>
		<key>413ADDA81799A6B500774838</key>
		<dict>
			<key>fileRef</key>
			<string>413ADDA31799A6B500774838</string>
			<key>isa</key>
			<string>PBXBuildFile</string>
		</dict>
		<key>413ADDA91799A6B500774838</key>
		<dict>
			<key>fileRef</key>
			<string>413ADDA41799A6B500774838</string>
			<key>isa</key>
			<string>PBXBuildFile</string>
		</dict>
		<key>413ADDAC1799A6B500774838</key>
		<dict>
			<key>fileRef</key>
			<string>413ADDA71799A6B500774838</string>
			<key>isa</key>
			<string>PBXBuildFile</string>
		</dict>
		<key>413ADDAD1799B7ED00774838</key>
		<dict>
			<key>fileEncoding</key>
			<string>4</string>
			<key>isa</key>
			<string>PBXFileReference</string>
			<key>lastKnownFileType</key>
			<string>text.css</string>
			<key>name</key>
			<string>normalize.css</string>
			<key>path</key>
			<string>Test HTML/normalize.css</string>
			<key>sourceTree</key>
			<string>&lt;group&gt;</string>
		</dict>
		<key>413ADDAE1799B7ED00774838</key>
		<dict>
			<key>fileEncoding</key>
			<string>4</string>
			<key>isa</key>
			<string>PBXFileReference</string>
			<key>lastKnownFileType</key>
			<string>text.css</string>
			<key>name</key>
			<string>syntax.css</string>
			<key>path</key>
			<string>Test HTML/syntax.css</string>
			<key>sourceTree</key>
			<string>&lt;group&gt;</string>
		</dict>
		<key>413ADDAF1799B7ED00774838</key>
		<dict>
			<key>fileEncoding</key>
			<string>4</string>
			<key>isa</key>
			<string>PBXFileReference</string>
			<key>lastKnownFileType</key>
			<string>text.html</string>
			<key>name</key>
			<string>test_html.html</string>
			<key>path</key>
			<string>Test HTML/test_html.html</string>
			<key>sourceTree</key>
			<string>&lt;group&gt;</string>
		</dict>
		<key>413ADDB01799B7ED00774838</key>
		<dict>
			<key>fileRef</key>
			<string>413ADDAD1799B7ED00774838</string>
			<key>isa</key>
			<string>PBXBuildFile</string>
		</dict>
		<key>413ADDB11799B7ED00774838</key>
		<dict>
			<key>fileRef</key>
			<string>413ADDAE1799B7ED00774838</string>
			<key>isa</key>
			<string>PBXBuildFile</string>
		</dict>
		<key>413ADDB21799B7ED00774838</key>
		<dict>
			<key>fileRef</key>
			<string>413ADDAF1799B7ED00774838</string>
			<key>isa</key>
			<string>PBXBuildFile</string>
		</dict>
		<key>413ADDB31799B8A900774838</key>
		<dict>
			<key>fileRef</key>
			<string>413ADDA41799A6B500774838</string>
			<key>isa</key>
			<string>PBXBuildFile</string>
		</dict>
		<key>4152F5F2179854420069A0E5</key>
		<dict>
			<key>children</key>
			<array>
				<string>4152F604179854430069A0E5</string>
				<string>4152F623179854430069A0E5</string>
				<string>4152F5FD179854430069A0E5</string>
				<string>4152F5FC179854430069A0E5</string>
				<string>7A2C33A94B5E2E344E47D216</string>
			</array>
			<key>isa</key>
			<string>PBXGroup</string>
			<key>sourceTree</key>
			<string>&lt;group&gt;</string>
		</dict>
		<key>4152F5F3179854420069A0E5</key>
		<dict>
			<key>attributes</key>
			<dict>
				<key>CLASSPREFIX</key>
				<string>HY</string>
				<key>LastUpgradeCheck</key>
				<string>0500</string>
				<key>ORGANIZATIONNAME</key>
				<string>Propeller</string>
				<key>TargetAttributes</key>
				<dict>
					<key>4152F61B179854430069A0E5</key>
					<dict>
						<key>TestTargetID</key>
						<string>4152F5FA179854430069A0E5</string>
					</dict>
				</dict>
			</dict>
			<key>buildConfigurationList</key>
			<string>4152F5F6179854420069A0E5</string>
			<key>compatibilityVersion</key>
			<string>Xcode 3.2</string>
			<key>developmentRegion</key>
			<string>English</string>
			<key>hasScannedForEncodings</key>
			<string>0</string>
			<key>isa</key>
			<string>PBXProject</string>
			<key>knownRegions</key>
			<array>
				<string>en</string>
				<string>Base</string>
			</array>
			<key>mainGroup</key>
			<string>4152F5F2179854420069A0E5</string>
			<key>productRefGroup</key>
			<string>4152F5FC179854430069A0E5</string>
			<key>projectDirPath</key>
			<string></string>
			<key>projectReferences</key>
			<array/>
			<key>projectRoot</key>
			<string></string>
			<key>targets</key>
			<array>
				<string>4152F5FA179854430069A0E5</string>
				<string>4152F61B179854430069A0E5</string>
			</array>
		</dict>
		<key>4152F5F6179854420069A0E5</key>
		<dict>
			<key>buildConfigurations</key>
			<array>
				<string>4152F62B179854430069A0E5</string>
				<string>4152F62C179854430069A0E5</string>
			</array>
			<key>defaultConfigurationIsVisible</key>
			<string>0</string>
			<key>defaultConfigurationName</key>
			<string>Release</string>
			<key>isa</key>
			<string>XCConfigurationList</string>
		</dict>
		<key>4152F5F7179854430069A0E5</key>
		<dict>
			<key>buildActionMask</key>
			<string>2147483647</string>
			<key>files</key>
			<array>
				<string>413ADDA91799A6B500774838</string>
				<string>4152F615179854430069A0E5</string>
				<string>413ADDA81799A6B500774838</string>
				<string>4152F64D179854910069A0E5</string>
				<string>4152F64B179854910069A0E5</string>
				<string>4152F60B179854430069A0E5</string>
				<string>4152F64A179854910069A0E5</string>
				<string>413ADDAC1799A6B500774838</string>
				<string>4152F64C179854910069A0E5</string>
				<string>4152F60F179854430069A0E5</string>
			</array>
			<key>isa</key>
			<string>PBXSourcesBuildPhase</string>
			<key>runOnlyForDeploymentPostprocessing</key>
			<string>0</string>
		</dict>
		<key>4152F5F8179854430069A0E5</key>
		<dict>
			<key>buildActionMask</key>
			<string>2147483647</string>
			<key>files</key>
			<array>
				<string>4152F601179854430069A0E5</string>
				<string>4152F603179854430069A0E5</string>
				<string>4152F5FF179854430069A0E5</string>
				<string>D8FB7670B728473CA4FE6053</string>
			</array>
			<key>isa</key>
			<string>PBXFrameworksBuildPhase</string>
			<key>runOnlyForDeploymentPostprocessing</key>
			<string>0</string>
		</dict>
		<key>4152F5F9179854430069A0E5</key>
		<dict>
			<key>buildActionMask</key>
			<string>2147483647</string>
			<key>files</key>
			<array>
				<string>413ADDB31799B8A900774838</string>
				<string>413ADDB11799B7ED00774838</string>
				<string>4152F617179854430069A0E5</string>
				<string>4152F609179854430069A0E5</string>
				<string>413ADDB01799B7ED00774838</string>
				<string>413ADDB21799B7ED00774838</string>
				<string>4152F612179854430069A0E5</string>
			</array>
			<key>isa</key>
			<string>PBXResourcesBuildPhase</string>
			<key>runOnlyForDeploymentPostprocessing</key>
			<string>0</string>
		</dict>
		<key>4152F5FA179854430069A0E5</key>
		<dict>
			<key>buildConfigurationList</key>
			<string>4152F62D179854430069A0E5</string>
			<key>buildPhases</key>
			<array>
				<string>530250DD145847EAAB3B12AD</string>
				<string>4152F5F7179854430069A0E5</string>
				<string>4152F5F8179854430069A0E5</string>
				<string>4152F5F9179854430069A0E5</string>
				<string>25816E6B3F274CE6A26829FB</string>
			</array>
			<key>buildRules</key>
			<array/>
			<key>dependencies</key>
			<array/>
			<key>isa</key>
			<string>PBXNativeTarget</string>
			<key>name</key>
			<string>HybridKit</string>
			<key>productName</key>
			<string>HybridKit</string>
			<key>productReference</key>
			<string>4152F5FB179854430069A0E5</string>
			<key>productType</key>
			<string>com.apple.product-type.application</string>
		</dict>
		<key>4152F5FB179854430069A0E5</key>
		<dict>
			<key>explicitFileType</key>
			<string>wrapper.application</string>
			<key>includeInIndex</key>
			<string>0</string>
			<key>isa</key>
			<string>PBXFileReference</string>
			<key>path</key>
			<string>HybridKit.app</string>
			<key>sourceTree</key>
			<string>BUILT_PRODUCTS_DIR</string>
		</dict>
		<key>4152F5FC179854430069A0E5</key>
		<dict>
			<key>children</key>
			<array>
				<string>4152F5FB179854430069A0E5</string>
				<string>4152F61C179854430069A0E5</string>
			</array>
			<key>isa</key>
			<string>PBXGroup</string>
			<key>name</key>
			<string>Products</string>
			<key>sourceTree</key>
			<string>&lt;group&gt;</string>
		</dict>
		<key>4152F5FD179854430069A0E5</key>
		<dict>
			<key>children</key>
			<array>
				<string>4152F65D179874BB0069A0E5</string>
				<string>4152F5FE179854430069A0E5</string>
				<string>4152F600179854430069A0E5</string>
				<string>4152F602179854430069A0E5</string>
				<string>4152F61D179854430069A0E5</string>
				<string>3D2DF7529C5B41F7A429BD3B</string>
			</array>
			<key>isa</key>
			<string>PBXGroup</string>
			<key>name</key>
			<string>Frameworks</string>
			<key>sourceTree</key>
			<string>&lt;group&gt;</string>
		</dict>
		<key>4152F5FE179854430069A0E5</key>
		<dict>
			<key>isa</key>
			<string>PBXFileReference</string>
			<key>lastKnownFileType</key>
			<string>wrapper.framework</string>
			<key>name</key>
			<string>Foundation.framework</string>
			<key>path</key>
			<string>System/Library/Frameworks/Foundation.framework</string>
			<key>sourceTree</key>
			<string>SDKROOT</string>
		</dict>
		<key>4152F5FF179854430069A0E5</key>
		<dict>
			<key>fileRef</key>
			<string>4152F5FE179854430069A0E5</string>
			<key>isa</key>
			<string>PBXBuildFile</string>
		</dict>
		<key>4152F600179854430069A0E5</key>
		<dict>
			<key>isa</key>
			<string>PBXFileReference</string>
			<key>lastKnownFileType</key>
			<string>wrapper.framework</string>
			<key>name</key>
			<string>CoreGraphics.framework</string>
			<key>path</key>
			<string>System/Library/Frameworks/CoreGraphics.framework</string>
			<key>sourceTree</key>
			<string>SDKROOT</string>
		</dict>
		<key>4152F601179854430069A0E5</key>
		<dict>
			<key>fileRef</key>
			<string>4152F600179854430069A0E5</string>
			<key>isa</key>
			<string>PBXBuildFile</string>
		</dict>
		<key>4152F602179854430069A0E5</key>
		<dict>
			<key>isa</key>
			<string>PBXFileReference</string>
			<key>lastKnownFileType</key>
			<string>wrapper.framework</string>
			<key>name</key>
			<string>UIKit.framework</string>
			<key>path</key>
			<string>System/Library/Frameworks/UIKit.framework</string>
			<key>sourceTree</key>
			<string>SDKROOT</string>
		</dict>
		<key>4152F603179854430069A0E5</key>
		<dict>
			<key>fileRef</key>
			<string>4152F602179854430069A0E5</string>
			<key>isa</key>
			<string>PBXBuildFile</string>
		</dict>
		<key>4152F604179854430069A0E5</key>
		<dict>
			<key>children</key>
			<array>
				<string>4152F60D179854430069A0E5</string>
				<string>4152F60E179854430069A0E5</string>
				<string>4152F610179854430069A0E5</string>
				<string>4152F613179854430069A0E5</string>
				<string>4152F614179854430069A0E5</string>
				<string>4152F616179854430069A0E5</string>
				<string>4152F6401798546F0069A0E5</string>
				<string>413ADDA11799A69500774838</string>
				<string>4152F605179854430069A0E5</string>
			</array>
			<key>isa</key>
			<string>PBXGroup</string>
			<key>path</key>
			<string>HybridKit</string>
			<key>sourceTree</key>
			<string>&lt;group&gt;</string>
		</dict>
		<key>4152F605179854430069A0E5</key>
		<dict>
			<key>children</key>
			<array>
				<string>4152F606179854430069A0E5</string>
				<string>4152F607179854430069A0E5</string>
				<string>4152F60A179854430069A0E5</string>
				<string>4152F60C179854430069A0E5</string>
			</array>
			<key>isa</key>
			<string>PBXGroup</string>
			<key>name</key>
			<string>Supporting Files</string>
			<key>sourceTree</key>
			<string>&lt;group&gt;</string>
		</dict>
		<key>4152F606179854430069A0E5</key>
		<dict>
			<key>isa</key>
			<string>PBXFileReference</string>
			<key>lastKnownFileType</key>
			<string>text.plist.xml</string>
			<key>path</key>
			<string>HybridKit-Info.plist</string>
			<key>sourceTree</key>
			<string>&lt;group&gt;</string>
		</dict>
		<key>4152F607179854430069A0E5</key>
		<dict>
			<key>children</key>
			<array>
				<string>4152F608179854430069A0E5</string>
			</array>
			<key>isa</key>
			<string>PBXVariantGroup</string>
			<key>name</key>
			<string>InfoPlist.strings</string>
			<key>sourceTree</key>
			<string>&lt;group&gt;</string>
		</dict>
		<key>4152F608179854430069A0E5</key>
		<dict>
			<key>isa</key>
			<string>PBXFileReference</string>
			<key>lastKnownFileType</key>
			<string>text.plist.strings</string>
			<key>name</key>
			<string>en</string>
			<key>path</key>
			<string>en.lproj/InfoPlist.strings</string>
			<key>sourceTree</key>
			<string>&lt;group&gt;</string>
		</dict>
		<key>4152F609179854430069A0E5</key>
		<dict>
			<key>fileRef</key>
			<string>4152F607179854430069A0E5</string>
			<key>isa</key>
			<string>PBXBuildFile</string>
		</dict>
		<key>4152F60A179854430069A0E5</key>
		<dict>
			<key>isa</key>
			<string>PBXFileReference</string>
			<key>lastKnownFileType</key>
			<string>sourcecode.c.objc</string>
			<key>path</key>
			<string>main.m</string>
			<key>sourceTree</key>
			<string>&lt;group&gt;</string>
		</dict>
		<key>4152F60B179854430069A0E5</key>
		<dict>
			<key>fileRef</key>
			<string>4152F60A179854430069A0E5</string>
			<key>isa</key>
			<string>PBXBuildFile</string>
		</dict>
		<key>4152F60C179854430069A0E5</key>
		<dict>
			<key>isa</key>
			<string>PBXFileReference</string>
			<key>lastKnownFileType</key>
			<string>sourcecode.c.h</string>
			<key>path</key>
			<string>HybridKit-Prefix.pch</string>
			<key>sourceTree</key>
			<string>&lt;group&gt;</string>
		</dict>
		<key>4152F60D179854430069A0E5</key>
		<dict>
			<key>isa</key>
			<string>PBXFileReference</string>
			<key>lastKnownFileType</key>
			<string>sourcecode.c.h</string>
			<key>path</key>
			<string>HYAppDelegate.h</string>
			<key>sourceTree</key>
			<string>&lt;group&gt;</string>
		</dict>
		<key>4152F60E179854430069A0E5</key>
		<dict>
			<key>isa</key>
			<string>PBXFileReference</string>
			<key>lastKnownFileType</key>
			<string>sourcecode.c.objc</string>
			<key>path</key>
			<string>HYAppDelegate.m</string>
			<key>sourceTree</key>
			<string>&lt;group&gt;</string>
		</dict>
		<key>4152F60F179854430069A0E5</key>
		<dict>
			<key>fileRef</key>
			<string>4152F60E179854430069A0E5</string>
			<key>isa</key>
			<string>PBXBuildFile</string>
		</dict>
		<key>4152F610179854430069A0E5</key>
		<dict>
			<key>children</key>
			<array>
				<string>4152F611179854430069A0E5</string>
			</array>
			<key>isa</key>
			<string>PBXVariantGroup</string>
			<key>name</key>
			<string>Main.storyboard</string>
			<key>sourceTree</key>
			<string>&lt;group&gt;</string>
		</dict>
		<key>4152F611179854430069A0E5</key>
		<dict>
			<key>isa</key>
			<string>PBXFileReference</string>
			<key>lastKnownFileType</key>
			<string>file.storyboard</string>
			<key>name</key>
			<string>Base</string>
			<key>path</key>
			<string>Base.lproj/Main.storyboard</string>
			<key>sourceTree</key>
			<string>&lt;group&gt;</string>
		</dict>
		<key>4152F612179854430069A0E5</key>
		<dict>
			<key>fileRef</key>
			<string>4152F610179854430069A0E5</string>
			<key>isa</key>
			<string>PBXBuildFile</string>
		</dict>
		<key>4152F613179854430069A0E5</key>
		<dict>
			<key>isa</key>
			<string>PBXFileReference</string>
			<key>lastKnownFileType</key>
			<string>sourcecode.c.h</string>
			<key>path</key>
			<string>HYViewController.h</string>
			<key>sourceTree</key>
			<string>&lt;group&gt;</string>
		</dict>
		<key>4152F614179854430069A0E5</key>
		<dict>
			<key>isa</key>
			<string>PBXFileReference</string>
			<key>lastKnownFileType</key>
			<string>sourcecode.c.objc</string>
			<key>path</key>
			<string>HYViewController.m</string>
			<key>sourceTree</key>
			<string>&lt;group&gt;</string>
		</dict>
		<key>4152F615179854430069A0E5</key>
		<dict>
			<key>fileRef</key>
			<string>4152F614179854430069A0E5</string>
			<key>isa</key>
			<string>PBXBuildFile</string>
		</dict>
		<key>4152F616179854430069A0E5</key>
		<dict>
			<key>isa</key>
			<string>PBXFileReference</string>
			<key>lastKnownFileType</key>
			<string>folder.assetcatalog</string>
			<key>path</key>
			<string>Images.xcassets</string>
			<key>sourceTree</key>
			<string>&lt;group&gt;</string>
		</dict>
		<key>4152F617179854430069A0E5</key>
		<dict>
			<key>fileRef</key>
			<string>4152F616179854430069A0E5</string>
			<key>isa</key>
			<string>PBXBuildFile</string>
		</dict>
		<key>4152F618179854430069A0E5</key>
		<dict>
			<key>buildActionMask</key>
			<string>2147483647</string>
			<key>files</key>
			<array>
				<string>4152F62A179854430069A0E5</string>
			</array>
			<key>isa</key>
			<string>PBXSourcesBuildPhase</string>
			<key>runOnlyForDeploymentPostprocessing</key>
			<string>0</string>
		</dict>
		<key>4152F619179854430069A0E5</key>
		<dict>
			<key>buildActionMask</key>
			<string>2147483647</string>
			<key>files</key>
			<array>
				<string>4152F66C17988B100069A0E5</string>
				<string>4152F620179854430069A0E5</string>
				<string>4152F61F179854430069A0E5</string>
			</array>
			<key>isa</key>
			<string>PBXFrameworksBuildPhase</string>
			<key>runOnlyForDeploymentPostprocessing</key>
			<string>0</string>
		</dict>
		<key>4152F61A179854430069A0E5</key>
		<dict>
			<key>buildActionMask</key>
			<string>2147483647</string>
			<key>files</key>
			<array>
				<string>4152F628179854430069A0E5</string>
			</array>
			<key>isa</key>
			<string>PBXResourcesBuildPhase</string>
			<key>runOnlyForDeploymentPostprocessing</key>
			<string>0</string>
		</dict>
		<key>4152F61B179854430069A0E5</key>
		<dict>
			<key>buildConfigurationList</key>
			<string>4152F630179854430069A0E5</string>
			<key>buildPhases</key>
			<array>
				<string>4152F618179854430069A0E5</string>
				<string>4152F619179854430069A0E5</string>
				<string>4152F61A179854430069A0E5</string>
			</array>
			<key>buildRules</key>
			<array/>
			<key>dependencies</key>
			<array>
				<string>4152F622179854430069A0E5</string>
			</array>
			<key>isa</key>
			<string>PBXNativeTarget</string>
			<key>name</key>
			<string>HybridKitTests</string>
			<key>productName</key>
			<string>HybridKitTests</string>
			<key>productReference</key>
			<string>4152F61C179854430069A0E5</string>
			<key>productType</key>
			<string>com.apple.product-type.bundle.unit-test</string>
		</dict>
		<key>4152F61C179854430069A0E5</key>
		<dict>
			<key>explicitFileType</key>
			<string>wrapper.cfbundle</string>
			<key>includeInIndex</key>
			<string>0</string>
			<key>isa</key>
			<string>PBXFileReference</string>
			<key>path</key>
			<string>HybridKitTests.xctest</string>
			<key>sourceTree</key>
			<string>BUILT_PRODUCTS_DIR</string>
		</dict>
		<key>4152F61D179854430069A0E5</key>
		<dict>
			<key>isa</key>
			<string>PBXFileReference</string>
			<key>lastKnownFileType</key>
			<string>wrapper.framework</string>
			<key>name</key>
			<string>XCTest.framework</string>
			<key>path</key>
			<string>Library/Frameworks/XCTest.framework</string>
			<key>sourceTree</key>
			<string>DEVELOPER_DIR</string>
		</dict>
		<key>4152F61F179854430069A0E5</key>
		<dict>
			<key>fileRef</key>
			<string>4152F5FE179854430069A0E5</string>
			<key>isa</key>
			<string>PBXBuildFile</string>
		</dict>
		<key>4152F620179854430069A0E5</key>
		<dict>
			<key>fileRef</key>
			<string>4152F602179854430069A0E5</string>
			<key>isa</key>
			<string>PBXBuildFile</string>
		</dict>
		<key>4152F621179854430069A0E5</key>
		<dict>
			<key>containerPortal</key>
			<string>4152F5F3179854420069A0E5</string>
			<key>isa</key>
			<string>PBXContainerItemProxy</string>
			<key>proxyType</key>
			<string>1</string>
			<key>remoteGlobalIDString</key>
			<string>4152F5FA179854430069A0E5</string>
			<key>remoteInfo</key>
			<string>HybridKit</string>
		</dict>
		<key>4152F622179854430069A0E5</key>
		<dict>
			<key>isa</key>
			<string>PBXTargetDependency</string>
			<key>target</key>
			<string>4152F5FA179854430069A0E5</string>
			<key>targetProxy</key>
			<string>4152F621179854430069A0E5</string>
		</dict>
		<key>4152F623179854430069A0E5</key>
		<dict>
			<key>children</key>
			<array>
				<string>4152F629179854430069A0E5</string>
				<string>4152F624179854430069A0E5</string>
			</array>
			<key>isa</key>
			<string>PBXGroup</string>
			<key>path</key>
			<string>HybridKitTests</string>
			<key>sourceTree</key>
			<string>&lt;group&gt;</string>
		</dict>
		<key>4152F624179854430069A0E5</key>
		<dict>
			<key>children</key>
			<array>
				<string>4152F625179854430069A0E5</string>
				<string>4152F626179854430069A0E5</string>
			</array>
			<key>isa</key>
			<string>PBXGroup</string>
			<key>name</key>
			<string>Supporting Files</string>
			<key>sourceTree</key>
			<string>&lt;group&gt;</string>
		</dict>
		<key>4152F625179854430069A0E5</key>
		<dict>
			<key>isa</key>
			<string>PBXFileReference</string>
			<key>lastKnownFileType</key>
			<string>text.plist.xml</string>
			<key>path</key>
			<string>HybridKitTests-Info.plist</string>
			<key>sourceTree</key>
			<string>&lt;group&gt;</string>
		</dict>
		<key>4152F626179854430069A0E5</key>
		<dict>
			<key>children</key>
			<array>
				<string>4152F627179854430069A0E5</string>
			</array>
			<key>isa</key>
			<string>PBXVariantGroup</string>
			<key>name</key>
			<string>InfoPlist.strings</string>
			<key>sourceTree</key>
			<string>&lt;group&gt;</string>
		</dict>
		<key>4152F627179854430069A0E5</key>
		<dict>
			<key>isa</key>
			<string>PBXFileReference</string>
			<key>lastKnownFileType</key>
			<string>text.plist.strings</string>
			<key>name</key>
			<string>en</string>
			<key>path</key>
			<string>en.lproj/InfoPlist.strings</string>
			<key>sourceTree</key>
			<string>&lt;group&gt;</string>
		</dict>
		<key>4152F628179854430069A0E5</key>
		<dict>
			<key>fileRef</key>
			<string>4152F626179854430069A0E5</string>
			<key>isa</key>
			<string>PBXBuildFile</string>
		</dict>
		<key>4152F629179854430069A0E5</key>
		<dict>
			<key>isa</key>
			<string>PBXFileReference</string>
			<key>lastKnownFileType</key>
			<string>sourcecode.c.objc</string>
			<key>path</key>
			<string>HybridKitTests.m</string>
			<key>sourceTree</key>
			<string>&lt;group&gt;</string>
		</dict>
		<key>4152F62A179854430069A0E5</key>
		<dict>
			<key>fileRef</key>
			<string>4152F629179854430069A0E5</string>
			<key>isa</key>
			<string>PBXBuildFile</string>
		</dict>
		<key>4152F62B179854430069A0E5</key>
		<dict>
			<key>buildSettings</key>
			<dict>
				<key>ALWAYS_SEARCH_USER_PATHS</key>
				<string>NO</string>
				<key>CLANG_CXX_LANGUAGE_STANDARD</key>
				<string>gnu++0x</string>
				<key>CLANG_CXX_LIBRARY</key>
				<string>libc++</string>
				<key>CLANG_ENABLE_MODULES</key>
				<string>YES</string>
				<key>CLANG_ENABLE_OBJC_ARC</key>
				<string>YES</string>
				<key>CLANG_WARN_BOOL_CONVERSION</key>
				<string>YES</string>
				<key>CLANG_WARN_CONSTANT_CONVERSION</key>
				<string>YES</string>
				<key>CLANG_WARN_DIRECT_OBJC_ISA_USAGE</key>
				<string>YES_ERROR</string>
				<key>CLANG_WARN_EMPTY_BODY</key>
				<string>YES</string>
				<key>CLANG_WARN_ENUM_CONVERSION</key>
				<string>YES</string>
				<key>CLANG_WARN_INT_CONVERSION</key>
				<string>YES</string>
				<key>CLANG_WARN_OBJC_ROOT_CLASS</key>
				<string>YES_ERROR</string>
				<key>CLANG_WARN__DUPLICATE_METHOD_MATCH</key>
				<string>YES</string>
				<key>CODE_SIGN_IDENTITY[sdk=iphoneos*]</key>
				<string>iPhone Developer</string>
				<key>COPY_PHASE_STRIP</key>
				<string>NO</string>
				<key>GCC_C_LANGUAGE_STANDARD</key>
				<string>gnu99</string>
				<key>GCC_DYNAMIC_NO_PIC</key>
				<string>NO</string>
				<key>GCC_OPTIMIZATION_LEVEL</key>
				<string>0</string>
				<key>GCC_PREPROCESSOR_DEFINITIONS</key>
				<array>
					<string>DEBUG=1</string>
					<string>$(inherited)</string>
				</array>
				<key>GCC_SYMBOLS_PRIVATE_EXTERN</key>
				<string>NO</string>
				<key>GCC_WARN_ABOUT_RETURN_TYPE</key>
				<string>YES_ERROR</string>
				<key>GCC_WARN_UNDECLARED_SELECTOR</key>
				<string>YES</string>
				<key>GCC_WARN_UNINITIALIZED_AUTOS</key>
				<string>YES</string>
				<key>GCC_WARN_UNUSED_FUNCTION</key>
				<string>YES</string>
				<key>GCC_WARN_UNUSED_VARIABLE</key>
				<string>YES</string>
				<key>IPHONEOS_DEPLOYMENT_TARGET</key>
				<string>7.0</string>
				<key>ONLY_ACTIVE_ARCH</key>
				<string>YES</string>
				<key>SDKROOT</key>
				<string>iphoneos</string>
			</dict>
			<key>isa</key>
			<string>XCBuildConfiguration</string>
			<key>name</key>
			<string>Debug</string>
		</dict>
		<key>4152F62C179854430069A0E5</key>
		<dict>
			<key>buildSettings</key>
			<dict>
				<key>ALWAYS_SEARCH_USER_PATHS</key>
				<string>NO</string>
				<key>CLANG_CXX_LANGUAGE_STANDARD</key>
				<string>gnu++0x</string>
				<key>CLANG_CXX_LIBRARY</key>
				<string>libc++</string>
				<key>CLANG_ENABLE_MODULES</key>
				<string>YES</string>
				<key>CLANG_ENABLE_OBJC_ARC</key>
				<string>YES</string>
				<key>CLANG_WARN_BOOL_CONVERSION</key>
				<string>YES</string>
				<key>CLANG_WARN_CONSTANT_CONVERSION</key>
				<string>YES</string>
				<key>CLANG_WARN_DIRECT_OBJC_ISA_USAGE</key>
				<string>YES_ERROR</string>
				<key>CLANG_WARN_EMPTY_BODY</key>
				<string>YES</string>
				<key>CLANG_WARN_ENUM_CONVERSION</key>
				<string>YES</string>
				<key>CLANG_WARN_INT_CONVERSION</key>
				<string>YES</string>
				<key>CLANG_WARN_OBJC_ROOT_CLASS</key>
				<string>YES_ERROR</string>
				<key>CLANG_WARN__DUPLICATE_METHOD_MATCH</key>
				<string>YES</string>
				<key>CODE_SIGN_IDENTITY[sdk=iphoneos*]</key>
				<string>iPhone Developer</string>
				<key>COPY_PHASE_STRIP</key>
				<string>YES</string>
				<key>ENABLE_NS_ASSERTIONS</key>
				<string>NO</string>
				<key>GCC_C_LANGUAGE_STANDARD</key>
				<string>gnu99</string>
				<key>GCC_WARN_ABOUT_RETURN_TYPE</key>
				<string>YES_ERROR</string>
				<key>GCC_WARN_UNDECLARED_SELECTOR</key>
				<string>YES</string>
				<key>GCC_WARN_UNINITIALIZED_AUTOS</key>
				<string>YES</string>
				<key>GCC_WARN_UNUSED_FUNCTION</key>
				<string>YES</string>
				<key>GCC_WARN_UNUSED_VARIABLE</key>
				<string>YES</string>
				<key>IPHONEOS_DEPLOYMENT_TARGET</key>
				<string>7.0</string>
				<key>SDKROOT</key>
				<string>iphoneos</string>
				<key>VALIDATE_PRODUCT</key>
				<string>YES</string>
			</dict>
			<key>isa</key>
			<string>XCBuildConfiguration</string>
			<key>name</key>
			<string>Release</string>
		</dict>
		<key>4152F62D179854430069A0E5</key>
		<dict>
			<key>buildConfigurations</key>
			<array>
				<string>4152F62E179854430069A0E5</string>
				<string>4152F62F179854430069A0E5</string>
			</array>
			<key>defaultConfigurationIsVisible</key>
			<string>0</string>
			<key>defaultConfigurationName</key>
			<string>Release</string>
			<key>isa</key>
			<string>XCConfigurationList</string>
		</dict>
		<key>4152F62E179854430069A0E5</key>
		<dict>
			<key>baseConfigurationReference</key>
			<string>E2B5111094AB78F1970C35BE</string>
			<key>buildSettings</key>
			<dict>
				<key>ASSETCATALOG_COMPILER_APPICON_NAME</key>
				<string>AppIcon</string>
				<key>ASSETCATALOG_COMPILER_LAUNCHIMAGE_NAME</key>
				<string>LaunchImage</string>
				<key>GCC_PRECOMPILE_PREFIX_HEADER</key>
				<string>YES</string>
				<key>GCC_PREFIX_HEADER</key>
				<string>HybridKit/HybridKit-Prefix.pch</string>
				<key>INFOPLIST_FILE</key>
				<string>HybridKit/HybridKit-Info.plist</string>
				<key>IPHONEOS_DEPLOYMENT_TARGET</key>
				<string>6.0</string>
				<key>PRODUCT_NAME</key>
				<string>$(TARGET_NAME)</string>
				<key>WRAPPER_EXTENSION</key>
				<string>app</string>
			</dict>
			<key>isa</key>
			<string>XCBuildConfiguration</string>
			<key>name</key>
			<string>Debug</string>
		</dict>
		<key>4152F62F179854430069A0E5</key>
		<dict>
			<key>baseConfigurationReference</key>
			<string>B03E2FAD7059B474DB23AFF1</string>
			<key>buildSettings</key>
			<dict>
				<key>ASSETCATALOG_COMPILER_APPICON_NAME</key>
				<string>AppIcon</string>
				<key>ASSETCATALOG_COMPILER_LAUNCHIMAGE_NAME</key>
				<string>LaunchImage</string>
				<key>GCC_PRECOMPILE_PREFIX_HEADER</key>
				<string>YES</string>
				<key>GCC_PREFIX_HEADER</key>
				<string>HybridKit/HybridKit-Prefix.pch</string>
				<key>INFOPLIST_FILE</key>
				<string>HybridKit/HybridKit-Info.plist</string>
				<key>IPHONEOS_DEPLOYMENT_TARGET</key>
				<string>6.0</string>
				<key>PRODUCT_NAME</key>
				<string>$(TARGET_NAME)</string>
				<key>WRAPPER_EXTENSION</key>
				<string>app</string>
			</dict>
			<key>isa</key>
			<string>XCBuildConfiguration</string>
			<key>name</key>
			<string>Release</string>
		</dict>
		<key>4152F630179854430069A0E5</key>
		<dict>
			<key>buildConfigurations</key>
			<array>
				<string>4152F631179854430069A0E5</string>
				<string>4152F632179854430069A0E5</string>
			</array>
			<key>defaultConfigurationIsVisible</key>
			<string>0</string>
			<key>defaultConfigurationName</key>
			<string>Release</string>
			<key>isa</key>
			<string>XCConfigurationList</string>
		</dict>
		<key>4152F631179854430069A0E5</key>
		<dict>
			<key>buildSettings</key>
			<dict>
				<key>BUNDLE_LOADER</key>
				<string>$(BUILT_PRODUCTS_DIR)/HybridKit.app/HybridKit</string>
				<key>FRAMEWORK_SEARCH_PATHS</key>
				<array>
					<string>$(SDKROOT)/Developer/Library/Frameworks</string>
					<string>$(inherited)</string>
					<string>$(SYSTEM_APPS_DIR)/Xcode5-DP3.app/Contents/Developer/Library/Frameworks</string>
				</array>
				<key>GCC_PRECOMPILE_PREFIX_HEADER</key>
				<string>YES</string>
				<key>GCC_PREFIX_HEADER</key>
				<string>HybridKit/HybridKit-Prefix.pch</string>
				<key>GCC_PREPROCESSOR_DEFINITIONS</key>
				<array>
					<string>DEBUG=1</string>
					<string>$(inherited)</string>
				</array>
				<key>INFOPLIST_FILE</key>
				<string>HybridKitTests/HybridKitTests-Info.plist</string>
				<key>PRODUCT_NAME</key>
				<string>$(TARGET_NAME)</string>
				<key>TEST_HOST</key>
				<string>$(BUNDLE_LOADER)</string>
				<key>WRAPPER_EXTENSION</key>
				<string>xctest</string>
			</dict>
			<key>isa</key>
			<string>XCBuildConfiguration</string>
			<key>name</key>
			<string>Debug</string>
		</dict>
		<key>4152F632179854430069A0E5</key>
		<dict>
			<key>buildSettings</key>
			<dict>
				<key>BUNDLE_LOADER</key>
				<string>$(BUILT_PRODUCTS_DIR)/HybridKit.app/HybridKit</string>
				<key>FRAMEWORK_SEARCH_PATHS</key>
				<array>
					<string>$(SDKROOT)/Developer/Library/Frameworks</string>
					<string>$(inherited)</string>
					<string>$(SYSTEM_APPS_DIR)/Xcode5-DP3.app/Contents/Developer/Library/Frameworks</string>
				</array>
				<key>GCC_PRECOMPILE_PREFIX_HEADER</key>
				<string>YES</string>
				<key>GCC_PREFIX_HEADER</key>
				<string>HybridKit/HybridKit-Prefix.pch</string>
				<key>INFOPLIST_FILE</key>
				<string>HybridKitTests/HybridKitTests-Info.plist</string>
				<key>PRODUCT_NAME</key>
				<string>$(TARGET_NAME)</string>
				<key>TEST_HOST</key>
				<string>$(BUNDLE_LOADER)</string>
				<key>WRAPPER_EXTENSION</key>
				<string>xctest</string>
			</dict>
			<key>isa</key>
			<string>XCBuildConfiguration</string>
			<key>name</key>
			<string>Release</string>
		</dict>
		<key>4152F6401798546F0069A0E5</key>
		<dict>
			<key>children</key>
			<array>
				<string>4152F646179854910069A0E5</string>
				<string>4152F647179854910069A0E5</string>
				<string>4152F648179854910069A0E5</string>
				<string>4152F649179854910069A0E5</string>
				<string>4152F64E179854F70069A0E5</string>
			</array>
			<key>isa</key>
			<string>PBXGroup</string>
			<key>name</key>
			<string>HybridKit</string>
			<key>sourceTree</key>
			<string>&lt;group&gt;</string>
		</dict>
		<key>4152F641179854910069A0E5</key>
		<dict>
			<key>fileEncoding</key>
			<string>4</string>
			<key>isa</key>
			<string>PBXFileReference</string>
			<key>lastKnownFileType</key>
			<string>sourcecode.c.h</string>
			<key>name</key>
			<string>HYDefaultCommandHandlerPack.h</string>
			<key>path</key>
			<string>HybridKit/HYDefaultCommandHandlerPack.h</string>
			<key>sourceTree</key>
			<string>&lt;group&gt;</string>
		</dict>
		<key>4152F642179854910069A0E5</key>
		<dict>
			<key>fileEncoding</key>
			<string>4</string>
			<key>isa</key>
			<string>PBXFileReference</string>
			<key>lastKnownFileType</key>
			<string>sourcecode.c.objc</string>
			<key>name</key>
			<string>HYDefaultCommandHandlerPack.m</string>
			<key>path</key>
			<string>HybridKit/HYDefaultCommandHandlerPack.m</string>
			<key>sourceTree</key>
			<string>&lt;group&gt;</string>
		</dict>
		<key>4152F643179854910069A0E5</key>
		<dict>
			<key>fileEncoding</key>
			<string>4</string>
			<key>isa</key>
			<string>PBXFileReference</string>
			<key>lastKnownFileType</key>
			<string>sourcecode.c.h</string>
			<key>name</key>
			<string>HYWebViewCommand.h</string>
			<key>path</key>
			<string>HybridKit/HYWebViewCommand.h</string>
			<key>sourceTree</key>
			<string>&lt;group&gt;</string>
		</dict>
		<key>4152F644179854910069A0E5</key>
		<dict>
			<key>fileEncoding</key>
			<string>4</string>
			<key>isa</key>
			<string>PBXFileReference</string>
			<key>lastKnownFileType</key>
			<string>sourcecode.c.objc</string>
			<key>name</key>
			<string>HYWebViewCommand.m</string>
			<key>path</key>
			<string>HybridKit/HYWebViewCommand.m</string>
			<key>sourceTree</key>
			<string>&lt;group&gt;</string>
		</dict>
		<key>4152F645179854910069A0E5</key>
		<dict>
			<key>fileEncoding</key>
			<string>4</string>
			<key>isa</key>
			<string>PBXFileReference</string>
			<key>lastKnownFileType</key>
			<string>sourcecode.c.h</string>
			<key>name</key>
			<string>HYWebViewCommandProtocol.h</string>
			<key>path</key>
			<string>HybridKit/HYWebViewCommandProtocol.h</string>
			<key>sourceTree</key>
			<string>&lt;group&gt;</string>
		</dict>
		<key>4152F646179854910069A0E5</key>
		<dict>
			<key>fileEncoding</key>
			<string>4</string>
			<key>isa</key>
			<string>PBXFileReference</string>
			<key>lastKnownFileType</key>
			<string>sourcecode.c.h</string>
			<key>name</key>
			<string>HYWebViewController.h</string>
			<key>path</key>
			<string>HybridKit/HYWebViewController.h</string>
			<key>sourceTree</key>
			<string>&lt;group&gt;</string>
		</dict>
		<key>4152F647179854910069A0E5</key>
		<dict>
			<key>fileEncoding</key>
			<string>4</string>
			<key>isa</key>
			<string>PBXFileReference</string>
			<key>lastKnownFileType</key>
			<string>sourcecode.c.objc</string>
			<key>name</key>
			<string>HYWebViewController.m</string>
			<key>path</key>
			<string>HybridKit/HYWebViewController.m</string>
			<key>sourceTree</key>
			<string>&lt;group&gt;</string>
		</dict>
		<key>4152F648179854910069A0E5</key>
		<dict>
			<key>fileEncoding</key>
			<string>4</string>
			<key>isa</key>
			<string>PBXFileReference</string>
			<key>lastKnownFileType</key>
			<string>sourcecode.c.h</string>
			<key>name</key>
			<string>NSString+HybridKit.h</string>
			<key>path</key>
			<string>HybridKit/NSString+HybridKit.h</string>
			<key>sourceTree</key>
			<string>&lt;group&gt;</string>
		</dict>
		<key>4152F649179854910069A0E5</key>
		<dict>
			<key>fileEncoding</key>
			<string>4</string>
			<key>isa</key>
			<string>PBXFileReference</string>
			<key>lastKnownFileType</key>
			<string>sourcecode.c.objc</string>
			<key>name</key>
			<string>NSString+HybridKit.m</string>
			<key>path</key>
			<string>HybridKit/NSString+HybridKit.m</string>
			<key>sourceTree</key>
			<string>&lt;group&gt;</string>
		</dict>
		<key>4152F64A179854910069A0E5</key>
		<dict>
			<key>fileRef</key>
			<string>4152F642179854910069A0E5</string>
			<key>isa</key>
			<string>PBXBuildFile</string>
		</dict>
		<key>4152F64B179854910069A0E5</key>
		<dict>
			<key>fileRef</key>
			<string>4152F644179854910069A0E5</string>
			<key>isa</key>
			<string>PBXBuildFile</string>
		</dict>
		<key>4152F64C179854910069A0E5</key>
		<dict>
			<key>fileRef</key>
			<string>4152F647179854910069A0E5</string>
			<key>isa</key>
			<string>PBXBuildFile</string>
		</dict>
		<key>4152F64D179854910069A0E5</key>
		<dict>
			<key>fileRef</key>
			<string>4152F649179854910069A0E5</string>
			<key>isa</key>
			<string>PBXBuildFile</string>
		</dict>
		<key>4152F64E179854F70069A0E5</key>
		<dict>
			<key>children</key>
			<array>
				<string>4152F641179854910069A0E5</string>
				<string>4152F642179854910069A0E5</string>
				<string>4152F643179854910069A0E5</string>
				<string>4152F644179854910069A0E5</string>
				<string>4152F645179854910069A0E5</string>
			</array>
			<key>isa</key>
			<string>PBXGroup</string>
			<key>name</key>
			<string>Command Handler</string>
			<key>sourceTree</key>
			<string>&lt;group&gt;</string>
		</dict>
		<key>4152F65D179874BB0069A0E5</key>
		<dict>
			<key>isa</key>
			<string>PBXFileReference</string>
			<key>lastKnownFileType</key>
			<string>wrapper.framework</string>
			<key>name</key>
			<string>SenTestingKit.framework</string>
			<key>path</key>
			<string>Library/Frameworks/SenTestingKit.framework</string>
			<key>sourceTree</key>
			<string>DEVELOPER_DIR</string>
		</dict>
		<key>4152F66C17988B100069A0E5</key>
		<dict>
			<key>fileRef</key>
			<string>4152F61D179854430069A0E5</string>
			<key>isa</key>
			<string>PBXBuildFile</string>
		</dict>
		<key>530250DD145847EAAB3B12AD</key>
		<dict>
			<key>buildActionMask</key>
			<string>2147483647</string>
			<key>files</key>
			<array/>
			<key>inputPaths</key>
			<array/>
			<key>isa</key>
			<string>PBXShellScriptBuildPhase</string>
			<key>name</key>
			<string>Check Pods Manifest.lock</string>
			<key>outputPaths</key>
			<array/>
			<key>runOnlyForDeploymentPostprocessing</key>
			<string>0</string>
			<key>shellPath</key>
			<string>/bin/sh</string>
			<key>shellScript</key>
			<string>diff "${PODS_ROOT}/../Podfile.lock" "${PODS_ROOT}/Manifest.lock" &gt; /dev/null
if [[ $? != 0 ]] ; then
    cat &lt;&lt; EOM
error: The sandbox is not in sync with the Podfile.lock. Run 'pod install' or update your CocoaPods installation.
EOM
    exit 1
fi
</string>
			<key>showEnvVarsInLog</key>
			<string>0</string>
		</dict>
		<key>7A2C33A94B5E2E344E47D216</key>
		<dict>
			<key>children</key>
			<array>
				<string>E2B5111094AB78F1970C35BE</string>
				<string>B03E2FAD7059B474DB23AFF1</string>
			</array>
			<key>isa</key>
			<string>PBXGroup</string>
			<key>name</key>
			<string>Pods</string>
			<key>sourceTree</key>
			<string>&lt;group&gt;</string>
		</dict>
		<key>B03E2FAD7059B474DB23AFF1</key>
		<dict>
			<key>includeInIndex</key>
			<string>1</string>
			<key>isa</key>
			<string>PBXFileReference</string>
			<key>lastKnownFileType</key>
			<string>text.xcconfig</string>
			<key>name</key>
			<string>Pods.release.xcconfig</string>
			<key>path</key>
			<string>Pods/Target Support Files/Pods/Pods.release.xcconfig</string>
			<key>sourceTree</key>
			<string>&lt;group&gt;</string>
		</dict>
		<key>D8FB7670B728473CA4FE6053</key>
		<dict>
			<key>fileRef</key>
			<string>3D2DF7529C5B41F7A429BD3B</string>
			<key>isa</key>
			<string>PBXBuildFile</string>
		</dict>
		<key>E2B5111094AB78F1970C35BE</key>
		<dict>
			<key>includeInIndex</key>
			<string>1</string>
			<key>isa</key>
			<string>PBXFileReference</string>
			<key>lastKnownFileType</key>
			<string>text.xcconfig</string>
			<key>name</key>
			<string>Pods.debug.xcconfig</string>
			<key>path</key>
			<string>Pods/Target Support Files/Pods/Pods.debug.xcconfig</string>
			<key>sourceTree</key>
			<string>&lt;group&gt;</string>
		</dict>
	</dict>
	<key>rootObject</key>
	<string>4152F5F3179854420069A0E5</string>
</dict>
</plist>
